
Microsoft Visual Studio Solution File, Format Version 12.00
# Visual Studio Version 16
VisualStudioVersion = 16.0.30114.105
MinimumVisualStudioVersion = 10.0.40219.1
Project("{2150E333-8FDC-42A3-9474-1A3956D46DE8}") = "FrontEnd", "FrontEnd", "{46C39589-96F1-4BA7-85B7-619A482543F1}"
EndProject
Project("{FAE04EC0-301F-11D3-BF4B-00C04F79EFBC}") = "GeekShopping.Web", "FrontEnd\GeekShopping.Web\GeekShopping.Web.csproj", "{21037A84-F296-44F4-93B0-7C1355EF7CD4}"
EndProject
Project("{2150E333-8FDC-42A3-9474-1A3956D46DE8}") = "Services", "Services", "{61D323F3-BD24-4CAA-BEAA-2E5F2782540C}"
EndProject
Project("{FAE04EC0-301F-11D3-BF4B-00C04F79EFBC}") = "GeekShopping.ProductAPI", "Services\GeekShopping.ProductAPI\GeekShopping.ProductAPI.csproj", "{D6416D0A-C03F-46CA-9878-A02D3C4297D1}"
EndProject
Global
	GlobalSection(SolutionConfigurationPlatforms) = preSolution
		Debug|Any CPU = Debug|Any CPU
		Debug|x64 = Debug|x64
		Debug|x86 = Debug|x86
		Release|Any CPU = Release|Any CPU
		Release|x64 = Release|x64
		Release|x86 = Release|x86
	EndGlobalSection
	GlobalSection(SolutionProperties) = preSolution
		HideSolutionNode = FALSE
	EndGlobalSection
	GlobalSection(ProjectConfigurationPlatforms) = postSolution
		{21037A84-F296-44F4-93B0-7C1355EF7CD4}.Debug|Any CPU.ActiveCfg = Debug|Any CPU
		{21037A84-F296-44F4-93B0-7C1355EF7CD4}.Debug|Any CPU.Build.0 = Debug|Any CPU
		{21037A84-F296-44F4-93B0-7C1355EF7CD4}.Debug|x64.ActiveCfg = Debug|Any CPU
		{21037A84-F296-44F4-93B0-7C1355EF7CD4}.Debug|x64.Build.0 = Debug|Any CPU
		{21037A84-F296-44F4-93B0-7C1355EF7CD4}.Debug|x86.ActiveCfg = Debug|Any CPU
		{21037A84-F296-44F4-93B0-7C1355EF7CD4}.Debug|x86.Build.0 = Debug|Any CPU
		{21037A84-F296-44F4-93B0-7C1355EF7CD4}.Release|Any CPU.ActiveCfg = Release|Any CPU
		{21037A84-F296-44F4-93B0-7C1355EF7CD4}.Release|Any CPU.Build.0 = Release|Any CPU
		{21037A84-F296-44F4-93B0-7C1355EF7CD4}.Release|x64.ActiveCfg = Release|Any CPU
		{21037A84-F296-44F4-93B0-7C1355EF7CD4}.Release|x64.Build.0 = Release|Any CPU
		{21037A84-F296-44F4-93B0-7C1355EF7CD4}.Release|x86.ActiveCfg = Release|Any CPU
		{21037A84-F296-44F4-93B0-7C1355EF7CD4}.Release|x86.Build.0 = Release|Any CPU
		{D6416D0A-C03F-46CA-9878-A02D3C4297D1}.Debug|Any CPU.ActiveCfg = Debug|Any CPU
		{D6416D0A-C03F-46CA-9878-A02D3C4297D1}.Debug|Any CPU.Build.0 = Debug|Any CPU
		{D6416D0A-C03F-46CA-9878-A02D3C4297D1}.Debug|x64.ActiveCfg = Debug|Any CPU
		{D6416D0A-C03F-46CA-9878-A02D3C4297D1}.Debug|x64.Build.0 = Debug|Any CPU
		{D6416D0A-C03F-46CA-9878-A02D3C4297D1}.Debug|x86.ActiveCfg = Debug|Any CPU
		{D6416D0A-C03F-46CA-9878-A02D3C4297D1}.Debug|x86.Build.0 = Debug|Any CPU
		{D6416D0A-C03F-46CA-9878-A02D3C4297D1}.Release|Any CPU.ActiveCfg = Release|Any CPU
		{D6416D0A-C03F-46CA-9878-A02D3C4297D1}.Release|Any CPU.Build.0 = Release|Any CPU
		{D6416D0A-C03F-46CA-9878-A02D3C4297D1}.Release|x64.ActiveCfg = Release|Any CPU
		{D6416D0A-C03F-46CA-9878-A02D3C4297D1}.Release|x64.Build.0 = Release|Any CPU
		{D6416D0A-C03F-46CA-9878-A02D3C4297D1}.Release|x86.ActiveCfg = Release|Any CPU
		{D6416D0A-C03F-46CA-9878-A02D3C4297D1}.Release|x86.Build.0 = Release|Any CPU
	EndGlobalSection
	GlobalSection(NestedProjects) = preSolution
		{21037A84-F296-44F4-93B0-7C1355EF7CD4} = {46C39589-96F1-4BA7-85B7-619A482543F1}
		{D6416D0A-C03F-46CA-9878-A02D3C4297D1} = {61D323F3-BD24-4CAA-BEAA-2E5F2782540C}
	EndGlobalSection
EndGlobal
